
Microsoft Visual Studio Solution File, Format Version 12.00
Project("{FAE04EC0-301F-11D3-BF4B-00C04F79EFBC}") = "VMTP.Example", "VMTP.Example\VMTP.Example.csproj", "{3519E334-5B83-4834-BE9C-7492A9DDE454}"
EndProject
Project("{2150E333-8FDC-42A3-9474-1A3956D46DE8}") = "Dal", "Dal", "{4DF53BE0-039A-4FD2-8F8E-522B7AE76722}"
EndProject
Project("{2150E333-8FDC-42A3-9474-1A3956D46DE8}") = "Bal", "Bal", "{A407231A-AC75-4A60-8749-3B21730D918C}"
EndProject
Project("{FAE04EC0-301F-11D3-BF4B-00C04F79EFBC}") = "VMTP.Authorization.Domain", "VMTP.Authorization.Domain\VMTP.Authorization.Domain.csproj", "{B1565118-AB54-44D6-9C49-1DEC2BF2A055}"
EndProject
Project("{FAE04EC0-301F-11D3-BF4B-00C04F79EFBC}") = "VMTP.Authorization.Application", "VMTP.Authorization.Application\VMTP.Authorization.Application.csproj", "{92702BDF-082B-4FBF-9B61-4D72838A47C8}"
EndProject
Project("{FAE04EC0-301F-11D3-BF4B-00C04F79EFBC}") = "VMTP.Authorization.Dal.Abstractions", "VMTP.Authorization.Dal.Abstractions\VMTP.Authorization.Dal.Abstractions.csproj", "{5116A13D-4757-427D-8FE1-F81AA06224F0}"
EndProject
Project("{FAE04EC0-301F-11D3-BF4B-00C04F79EFBC}") = "VMTP.Authorization.Dal.Implementation", "VMTP.Authorization.Dal.Implementation\VMTP.Authorization.Dal.Implementation.csproj", "{DEB62385-8CB6-402F-9564-1BE36BA461B8}"
EndProject
Project("{2150E333-8FDC-42A3-9474-1A3956D46DE8}") = "Core", "Core", "{AA478E02-F70D-4C8F-A742-8245DC8E3395}"
EndProject
Project("{FAE04EC0-301F-11D3-BF4B-00C04F79EFBC}") = "VMTP.Dal.Abstractions", "VMTP.Dal.Abstractions\VMTP.Dal.Abstractions.csproj", "{7926083E-2302-4F45-A942-07B5F8837506}"
EndProject
Project("{2150E333-8FDC-42A3-9474-1A3956D46DE8}") = "Modules", "Modules", "{CBB30008-1175-40FC-9460-51EF2C821850}"
EndProject
Project("{2150E333-8FDC-42A3-9474-1A3956D46DE8}") = "Authorization", "Authorization", "{82078341-C375-4707-A7B9-711F84AFE22D}"
EndProject
Project("{FAE04EC0-301F-11D3-BF4B-00C04F79EFBC}") = "VMTP.Authorization.Bal.Abstractions", "VMTP.Authorization.Bal.Abstractions\VMTP.Authorization.Bal.Abstractions.csproj", "{F0044B0A-A611-4C6C-8A68-49B186AB3970}"
EndProject
Project("{FAE04EC0-301F-11D3-BF4B-00C04F79EFBC}") = "VMTP.Authorization.Bal.Implementation", "VMTP.Authorization.Bal.Implementation\VMTP.Authorization.Bal.Implementation.csproj", "{6FDF1400-D1B1-4F4A-8653-C286B36AAF97}"
EndProject
Global
	GlobalSection(SolutionConfigurationPlatforms) = preSolution
		Debug|Any CPU = Debug|Any CPU
		Release|Any CPU = Release|Any CPU
	EndGlobalSection
	GlobalSection(ProjectConfigurationPlatforms) = postSolution
		{3519E334-5B83-4834-BE9C-7492A9DDE454}.Debug|Any CPU.ActiveCfg = Debug|Any CPU
		{3519E334-5B83-4834-BE9C-7492A9DDE454}.Debug|Any CPU.Build.0 = Debug|Any CPU
		{3519E334-5B83-4834-BE9C-7492A9DDE454}.Release|Any CPU.ActiveCfg = Release|Any CPU
		{3519E334-5B83-4834-BE9C-7492A9DDE454}.Release|Any CPU.Build.0 = Release|Any CPU
		{B1565118-AB54-44D6-9C49-1DEC2BF2A055}.Debug|Any CPU.ActiveCfg = Debug|Any CPU
		{B1565118-AB54-44D6-9C49-1DEC2BF2A055}.Debug|Any CPU.Build.0 = Debug|Any CPU
		{B1565118-AB54-44D6-9C49-1DEC2BF2A055}.Release|Any CPU.ActiveCfg = Release|Any CPU
		{B1565118-AB54-44D6-9C49-1DEC2BF2A055}.Release|Any CPU.Build.0 = Release|Any CPU
		{92702BDF-082B-4FBF-9B61-4D72838A47C8}.Debug|Any CPU.ActiveCfg = Debug|Any CPU
		{92702BDF-082B-4FBF-9B61-4D72838A47C8}.Debug|Any CPU.Build.0 = Debug|Any CPU
		{92702BDF-082B-4FBF-9B61-4D72838A47C8}.Release|Any CPU.ActiveCfg = Release|Any CPU
		{92702BDF-082B-4FBF-9B61-4D72838A47C8}.Release|Any CPU.Build.0 = Release|Any CPU
		{5116A13D-4757-427D-8FE1-F81AA06224F0}.Debug|Any CPU.ActiveCfg = Debug|Any CPU
		{5116A13D-4757-427D-8FE1-F81AA06224F0}.Debug|Any CPU.Build.0 = Debug|Any CPU
		{5116A13D-4757-427D-8FE1-F81AA06224F0}.Release|Any CPU.ActiveCfg = Release|Any CPU
		{5116A13D-4757-427D-8FE1-F81AA06224F0}.Release|Any CPU.Build.0 = Release|Any CPU
		{DEB62385-8CB6-402F-9564-1BE36BA461B8}.Debug|Any CPU.ActiveCfg = Debug|Any CPU
		{DEB62385-8CB6-402F-9564-1BE36BA461B8}.Debug|Any CPU.Build.0 = Debug|Any CPU
		{DEB62385-8CB6-402F-9564-1BE36BA461B8}.Release|Any CPU.ActiveCfg = Release|Any CPU
		{DEB62385-8CB6-402F-9564-1BE36BA461B8}.Release|Any CPU.Build.0 = Release|Any CPU
		{7926083E-2302-4F45-A942-07B5F8837506}.Debug|Any CPU.ActiveCfg = Debug|Any CPU
		{7926083E-2302-4F45-A942-07B5F8837506}.Debug|Any CPU.Build.0 = Debug|Any CPU
		{7926083E-2302-4F45-A942-07B5F8837506}.Release|Any CPU.ActiveCfg = Release|Any CPU
		{7926083E-2302-4F45-A942-07B5F8837506}.Release|Any CPU.Build.0 = Release|Any CPU
		{F0044B0A-A611-4C6C-8A68-49B186AB3970}.Debug|Any CPU.ActiveCfg = Debug|Any CPU
		{F0044B0A-A611-4C6C-8A68-49B186AB3970}.Debug|Any CPU.Build.0 = Debug|Any CPU
		{F0044B0A-A611-4C6C-8A68-49B186AB3970}.Release|Any CPU.ActiveCfg = Release|Any CPU
		{F0044B0A-A611-4C6C-8A68-49B186AB3970}.Release|Any CPU.Build.0 = Release|Any CPU
		{6FDF1400-D1B1-4F4A-8653-C286B36AAF97}.Debug|Any CPU.ActiveCfg = Debug|Any CPU
		{6FDF1400-D1B1-4F4A-8653-C286B36AAF97}.Debug|Any CPU.Build.0 = Debug|Any CPU
		{6FDF1400-D1B1-4F4A-8653-C286B36AAF97}.Release|Any CPU.ActiveCfg = Release|Any CPU
		{6FDF1400-D1B1-4F4A-8653-C286B36AAF97}.Release|Any CPU.Build.0 = Release|Any CPU
	EndGlobalSection
	GlobalSection(NestedProjects) = preSolution
		{5116A13D-4757-427D-8FE1-F81AA06224F0} = {4DF53BE0-039A-4FD2-8F8E-522B7AE76722}
		{DEB62385-8CB6-402F-9564-1BE36BA461B8} = {4DF53BE0-039A-4FD2-8F8E-522B7AE76722}
		{7926083E-2302-4F45-A942-07B5F8837506} = {AA478E02-F70D-4C8F-A742-8245DC8E3395}
		{82078341-C375-4707-A7B9-711F84AFE22D} = {CBB30008-1175-40FC-9460-51EF2C821850}
		{92702BDF-082B-4FBF-9B61-4D72838A47C8} = {82078341-C375-4707-A7B9-711F84AFE22D}
		{B1565118-AB54-44D6-9C49-1DEC2BF2A055} = {82078341-C375-4707-A7B9-711F84AFE22D}
		{4DF53BE0-039A-4FD2-8F8E-522B7AE76722} = {82078341-C375-4707-A7B9-711F84AFE22D}
		{A407231A-AC75-4A60-8749-3B21730D918C} = {82078341-C375-4707-A7B9-711F84AFE22D}
		{F0044B0A-A611-4C6C-8A68-49B186AB3970} = {A407231A-AC75-4A60-8749-3B21730D918C}
		{6FDF1400-D1B1-4F4A-8653-C286B36AAF97} = {A407231A-AC75-4A60-8749-3B21730D918C}
	EndGlobalSection
EndGlobal
