
Microsoft Visual Studio Solution File, Format Version 12.00
Project("{2150E333-8FDC-42A3-9474-1A3956D46DE8}") = "Dal", "Dal", "{4DF53BE0-039A-4FD2-8F8E-522B7AE76722}"
EndProject
Project("{2150E333-8FDC-42A3-9474-1A3956D46DE8}") = "Bal", "Bal", "{A407231A-AC75-4A60-8749-3B21730D918C}"
EndProject
Project("{FAE04EC0-301F-11D3-BF4B-00C04F79EFBC}") = "VMTP.Authorization.Domain", "VMTP.Authorization.Domain\VMTP.Authorization.Domain.csproj", "{B1565118-AB54-44D6-9C49-1DEC2BF2A055}"
EndProject
Project("{FAE04EC0-301F-11D3-BF4B-00C04F79EFBC}") = "VMTP.Authorization.Application", "VMTP.Authorization.Application\VMTP.Authorization.Application.csproj", "{92702BDF-082B-4FBF-9B61-4D72838A47C8}"
EndProject
Project("{FAE04EC0-301F-11D3-BF4B-00C04F79EFBC}") = "VMTP.Authorization.Dal.Abstractions", "VMTP.Authorization.Dal.Abstractions\VMTP.Authorization.Dal.Abstractions.csproj", "{5116A13D-4757-427D-8FE1-F81AA06224F0}"
EndProject
Project("{FAE04EC0-301F-11D3-BF4B-00C04F79EFBC}") = "VMTP.Authorization.Dal.Implementation", "VMTP.Authorization.Dal.Implementation\VMTP.Authorization.Dal.Implementation.csproj", "{DEB62385-8CB6-402F-9564-1BE36BA461B8}"
EndProject
Project("{2150E333-8FDC-42A3-9474-1A3956D46DE8}") = "Core", "Core", "{AA478E02-F70D-4C8F-A742-8245DC8E3395}"
EndProject
Project("{FAE04EC0-301F-11D3-BF4B-00C04F79EFBC}") = "VMTP.Dal.Abstractions", "VMTP.Dal.Abstractions\VMTP.Dal.Abstractions.csproj", "{7926083E-2302-4F45-A942-07B5F8837506}"
EndProject
Project("{2150E333-8FDC-42A3-9474-1A3956D46DE8}") = "Modules", "Modules", "{CBB30008-1175-40FC-9460-51EF2C821850}"
EndProject
Project("{2150E333-8FDC-42A3-9474-1A3956D46DE8}") = "Authorization", "Authorization", "{82078341-C375-4707-A7B9-711F84AFE22D}"
EndProject
Project("{FAE04EC0-301F-11D3-BF4B-00C04F79EFBC}") = "VMTP.Authorization.Bal.Abstractions", "VMTP.Authorization.Bal.Abstractions\VMTP.Authorization.Bal.Abstractions.csproj", "{F0044B0A-A611-4C6C-8A68-49B186AB3970}"
EndProject
Project("{FAE04EC0-301F-11D3-BF4B-00C04F79EFBC}") = "VMTP.Authorization.Bal.Implementation", "VMTP.Authorization.Bal.Implementation\VMTP.Authorization.Bal.Implementation.csproj", "{6FDF1400-D1B1-4F4A-8653-C286B36AAF97}"
EndProject
Project("{2150E333-8FDC-42A3-9474-1A3956D46DE8}") = "Code", "Code", "{62FA3017-9879-43CF-A302-A4547790C819}"
EndProject
Project("{FAE04EC0-301F-11D3-BF4B-00C04F79EFBC}") = "VMTP.Code.Application", "VMTP.Code.Application\VMTP.Code.Application.csproj", "{09F22E7B-BD2D-4F6E-BB45-A48777E643D1}"
EndProject
Project("{FAE04EC0-301F-11D3-BF4B-00C04F79EFBC}") = "VMTP.Code.Domain", "VMTP.Code.Domain\VMTP.Code.Domain.csproj", "{3FC496FD-B696-4C8E-91F9-B45658FECDF8}"
EndProject
Project("{2150E333-8FDC-42A3-9474-1A3956D46DE8}") = "Bal", "Bal", "{4B86873B-1A5F-468C-9CA8-D990FD53E11F}"
EndProject
Project("{2150E333-8FDC-42A3-9474-1A3956D46DE8}") = "Dal", "Dal", "{929A6E1D-8C96-4F8F-8002-A9356FE1131C}"
EndProject
Project("{FAE04EC0-301F-11D3-BF4B-00C04F79EFBC}") = "VMTP.Code.Dal.Abstractions", "VMTP.Code.Dal.Abstractions\VMTP.Code.Dal.Abstractions.csproj", "{75184139-61E0-4283-AFA4-AA033223DE4F}"
EndProject
Project("{FAE04EC0-301F-11D3-BF4B-00C04F79EFBC}") = "VMTP.Code.Dal.Implementation", "VMTP.Code.Dal.Implementation\VMTP.Code.Dal.Implementation.csproj", "{DCA54BB9-E448-40DE-B68E-19599BA6CA26}"
EndProject
Project("{FAE04EC0-301F-11D3-BF4B-00C04F79EFBC}") = "VMTP.Code.Bal.Abstractions", "VMTP.Code.Bal.Abstractions\VMTP.Code.Bal.Abstractions.csproj", "{AB10FE8A-E234-4AC3-8F5E-9D697A75F775}"
EndProject
Project("{FAE04EC0-301F-11D3-BF4B-00C04F79EFBC}") = "VMTP.Code.Bal.Implementation", "VMTP.Code.Bal.Implementation\VMTP.Code.Bal.Implementation.csproj", "{294556B7-6306-4827-9A5B-5F79FB056F28}"
EndProject
Project("{2150E333-8FDC-42A3-9474-1A3956D46DE8}") = "API", "API", "{E9A1F3DE-DF84-4F0E-B690-F00B41973D74}"
EndProject
Project("{FAE04EC0-301F-11D3-BF4B-00C04F79EFBC}") = "VMTP.API", "VMTP.API\VMTP.API.csproj", "{20AEE755-C43E-4BFB-8C5A-E5AC09FE09F8}"
EndProject
Project("{2150E333-8FDC-42A3-9474-1A3956D46DE8}") = "Notification", "Notification", "{A419C228-F4D2-4463-8491-3AAC38BD9736}"
EndProject
Project("{2150E333-8FDC-42A3-9474-1A3956D46DE8}") = "Bal", "Bal", "{A596DF6C-C71B-40BF-9FED-AE457C04F7DB}"
EndProject
Project("{FAE04EC0-301F-11D3-BF4B-00C04F79EFBC}") = "VMTP.Notification.Bal.Abstractions", "VMTP.Notification.Bal.Abstractions\VMTP.Notification.Bal.Abstractions.csproj", "{B22587D5-84AD-4A1A-9001-3ED72505F828}"
EndProject
Global
	GlobalSection(SolutionConfigurationPlatforms) = preSolution
		Debug|Any CPU = Debug|Any CPU
		Release|Any CPU = Release|Any CPU
	EndGlobalSection
	GlobalSection(ProjectConfigurationPlatforms) = postSolution
		{B1565118-AB54-44D6-9C49-1DEC2BF2A055}.Debug|Any CPU.ActiveCfg = Debug|Any CPU
		{B1565118-AB54-44D6-9C49-1DEC2BF2A055}.Debug|Any CPU.Build.0 = Debug|Any CPU
		{B1565118-AB54-44D6-9C49-1DEC2BF2A055}.Release|Any CPU.ActiveCfg = Release|Any CPU
		{B1565118-AB54-44D6-9C49-1DEC2BF2A055}.Release|Any CPU.Build.0 = Release|Any CPU
		{92702BDF-082B-4FBF-9B61-4D72838A47C8}.Debug|Any CPU.ActiveCfg = Debug|Any CPU
		{92702BDF-082B-4FBF-9B61-4D72838A47C8}.Debug|Any CPU.Build.0 = Debug|Any CPU
		{92702BDF-082B-4FBF-9B61-4D72838A47C8}.Release|Any CPU.ActiveCfg = Release|Any CPU
		{92702BDF-082B-4FBF-9B61-4D72838A47C8}.Release|Any CPU.Build.0 = Release|Any CPU
		{5116A13D-4757-427D-8FE1-F81AA06224F0}.Debug|Any CPU.ActiveCfg = Debug|Any CPU
		{5116A13D-4757-427D-8FE1-F81AA06224F0}.Debug|Any CPU.Build.0 = Debug|Any CPU
		{5116A13D-4757-427D-8FE1-F81AA06224F0}.Release|Any CPU.ActiveCfg = Release|Any CPU
		{5116A13D-4757-427D-8FE1-F81AA06224F0}.Release|Any CPU.Build.0 = Release|Any CPU
		{DEB62385-8CB6-402F-9564-1BE36BA461B8}.Debug|Any CPU.ActiveCfg = Debug|Any CPU
		{DEB62385-8CB6-402F-9564-1BE36BA461B8}.Debug|Any CPU.Build.0 = Debug|Any CPU
		{DEB62385-8CB6-402F-9564-1BE36BA461B8}.Release|Any CPU.ActiveCfg = Release|Any CPU
		{DEB62385-8CB6-402F-9564-1BE36BA461B8}.Release|Any CPU.Build.0 = Release|Any CPU
		{7926083E-2302-4F45-A942-07B5F8837506}.Debug|Any CPU.ActiveCfg = Debug|Any CPU
		{7926083E-2302-4F45-A942-07B5F8837506}.Debug|Any CPU.Build.0 = Debug|Any CPU
		{7926083E-2302-4F45-A942-07B5F8837506}.Release|Any CPU.ActiveCfg = Release|Any CPU
		{7926083E-2302-4F45-A942-07B5F8837506}.Release|Any CPU.Build.0 = Release|Any CPU
		{F0044B0A-A611-4C6C-8A68-49B186AB3970}.Debug|Any CPU.ActiveCfg = Debug|Any CPU
		{F0044B0A-A611-4C6C-8A68-49B186AB3970}.Debug|Any CPU.Build.0 = Debug|Any CPU
		{F0044B0A-A611-4C6C-8A68-49B186AB3970}.Release|Any CPU.ActiveCfg = Release|Any CPU
		{F0044B0A-A611-4C6C-8A68-49B186AB3970}.Release|Any CPU.Build.0 = Release|Any CPU
		{6FDF1400-D1B1-4F4A-8653-C286B36AAF97}.Debug|Any CPU.ActiveCfg = Debug|Any CPU
		{6FDF1400-D1B1-4F4A-8653-C286B36AAF97}.Debug|Any CPU.Build.0 = Debug|Any CPU
		{6FDF1400-D1B1-4F4A-8653-C286B36AAF97}.Release|Any CPU.ActiveCfg = Release|Any CPU
		{6FDF1400-D1B1-4F4A-8653-C286B36AAF97}.Release|Any CPU.Build.0 = Release|Any CPU
		{09F22E7B-BD2D-4F6E-BB45-A48777E643D1}.Debug|Any CPU.ActiveCfg = Debug|Any CPU
		{09F22E7B-BD2D-4F6E-BB45-A48777E643D1}.Debug|Any CPU.Build.0 = Debug|Any CPU
		{09F22E7B-BD2D-4F6E-BB45-A48777E643D1}.Release|Any CPU.ActiveCfg = Release|Any CPU
		{09F22E7B-BD2D-4F6E-BB45-A48777E643D1}.Release|Any CPU.Build.0 = Release|Any CPU
		{3FC496FD-B696-4C8E-91F9-B45658FECDF8}.Debug|Any CPU.ActiveCfg = Debug|Any CPU
		{3FC496FD-B696-4C8E-91F9-B45658FECDF8}.Debug|Any CPU.Build.0 = Debug|Any CPU
		{3FC496FD-B696-4C8E-91F9-B45658FECDF8}.Release|Any CPU.ActiveCfg = Release|Any CPU
		{3FC496FD-B696-4C8E-91F9-B45658FECDF8}.Release|Any CPU.Build.0 = Release|Any CPU
		{75184139-61E0-4283-AFA4-AA033223DE4F}.Debug|Any CPU.ActiveCfg = Debug|Any CPU
		{75184139-61E0-4283-AFA4-AA033223DE4F}.Debug|Any CPU.Build.0 = Debug|Any CPU
		{75184139-61E0-4283-AFA4-AA033223DE4F}.Release|Any CPU.ActiveCfg = Release|Any CPU
		{75184139-61E0-4283-AFA4-AA033223DE4F}.Release|Any CPU.Build.0 = Release|Any CPU
		{DCA54BB9-E448-40DE-B68E-19599BA6CA26}.Debug|Any CPU.ActiveCfg = Debug|Any CPU
		{DCA54BB9-E448-40DE-B68E-19599BA6CA26}.Debug|Any CPU.Build.0 = Debug|Any CPU
		{DCA54BB9-E448-40DE-B68E-19599BA6CA26}.Release|Any CPU.ActiveCfg = Release|Any CPU
		{DCA54BB9-E448-40DE-B68E-19599BA6CA26}.Release|Any CPU.Build.0 = Release|Any CPU
		{AB10FE8A-E234-4AC3-8F5E-9D697A75F775}.Debug|Any CPU.ActiveCfg = Debug|Any CPU
		{AB10FE8A-E234-4AC3-8F5E-9D697A75F775}.Debug|Any CPU.Build.0 = Debug|Any CPU
		{AB10FE8A-E234-4AC3-8F5E-9D697A75F775}.Release|Any CPU.ActiveCfg = Release|Any CPU
		{AB10FE8A-E234-4AC3-8F5E-9D697A75F775}.Release|Any CPU.Build.0 = Release|Any CPU
		{294556B7-6306-4827-9A5B-5F79FB056F28}.Debug|Any CPU.ActiveCfg = Debug|Any CPU
		{294556B7-6306-4827-9A5B-5F79FB056F28}.Debug|Any CPU.Build.0 = Debug|Any CPU
		{294556B7-6306-4827-9A5B-5F79FB056F28}.Release|Any CPU.ActiveCfg = Release|Any CPU
		{294556B7-6306-4827-9A5B-5F79FB056F28}.Release|Any CPU.Build.0 = Release|Any CPU
		{20AEE755-C43E-4BFB-8C5A-E5AC09FE09F8}.Debug|Any CPU.ActiveCfg = Debug|Any CPU
		{20AEE755-C43E-4BFB-8C5A-E5AC09FE09F8}.Debug|Any CPU.Build.0 = Debug|Any CPU
		{20AEE755-C43E-4BFB-8C5A-E5AC09FE09F8}.Release|Any CPU.ActiveCfg = Release|Any CPU
		{20AEE755-C43E-4BFB-8C5A-E5AC09FE09F8}.Release|Any CPU.Build.0 = Release|Any CPU
		{B22587D5-84AD-4A1A-9001-3ED72505F828}.Debug|Any CPU.ActiveCfg = Debug|Any CPU
		{B22587D5-84AD-4A1A-9001-3ED72505F828}.Debug|Any CPU.Build.0 = Debug|Any CPU
		{B22587D5-84AD-4A1A-9001-3ED72505F828}.Release|Any CPU.ActiveCfg = Release|Any CPU
		{B22587D5-84AD-4A1A-9001-3ED72505F828}.Release|Any CPU.Build.0 = Release|Any CPU
	EndGlobalSection
	GlobalSection(NestedProjects) = preSolution
		{5116A13D-4757-427D-8FE1-F81AA06224F0} = {4DF53BE0-039A-4FD2-8F8E-522B7AE76722}
		{DEB62385-8CB6-402F-9564-1BE36BA461B8} = {4DF53BE0-039A-4FD2-8F8E-522B7AE76722}
		{7926083E-2302-4F45-A942-07B5F8837506} = {AA478E02-F70D-4C8F-A742-8245DC8E3395}
		{82078341-C375-4707-A7B9-711F84AFE22D} = {CBB30008-1175-40FC-9460-51EF2C821850}
		{92702BDF-082B-4FBF-9B61-4D72838A47C8} = {82078341-C375-4707-A7B9-711F84AFE22D}
		{B1565118-AB54-44D6-9C49-1DEC2BF2A055} = {82078341-C375-4707-A7B9-711F84AFE22D}
		{4DF53BE0-039A-4FD2-8F8E-522B7AE76722} = {82078341-C375-4707-A7B9-711F84AFE22D}
		{A407231A-AC75-4A60-8749-3B21730D918C} = {82078341-C375-4707-A7B9-711F84AFE22D}
		{F0044B0A-A611-4C6C-8A68-49B186AB3970} = {A407231A-AC75-4A60-8749-3B21730D918C}
		{6FDF1400-D1B1-4F4A-8653-C286B36AAF97} = {A407231A-AC75-4A60-8749-3B21730D918C}
		{62FA3017-9879-43CF-A302-A4547790C819} = {CBB30008-1175-40FC-9460-51EF2C821850}
		{09F22E7B-BD2D-4F6E-BB45-A48777E643D1} = {62FA3017-9879-43CF-A302-A4547790C819}
		{3FC496FD-B696-4C8E-91F9-B45658FECDF8} = {62FA3017-9879-43CF-A302-A4547790C819}
		{4B86873B-1A5F-468C-9CA8-D990FD53E11F} = {62FA3017-9879-43CF-A302-A4547790C819}
		{929A6E1D-8C96-4F8F-8002-A9356FE1131C} = {62FA3017-9879-43CF-A302-A4547790C819}
		{75184139-61E0-4283-AFA4-AA033223DE4F} = {929A6E1D-8C96-4F8F-8002-A9356FE1131C}
		{DCA54BB9-E448-40DE-B68E-19599BA6CA26} = {929A6E1D-8C96-4F8F-8002-A9356FE1131C}
		{AB10FE8A-E234-4AC3-8F5E-9D697A75F775} = {4B86873B-1A5F-468C-9CA8-D990FD53E11F}
		{294556B7-6306-4827-9A5B-5F79FB056F28} = {4B86873B-1A5F-468C-9CA8-D990FD53E11F}
		{20AEE755-C43E-4BFB-8C5A-E5AC09FE09F8} = {E9A1F3DE-DF84-4F0E-B690-F00B41973D74}
		{A419C228-F4D2-4463-8491-3AAC38BD9736} = {CBB30008-1175-40FC-9460-51EF2C821850}
		{A596DF6C-C71B-40BF-9FED-AE457C04F7DB} = {A419C228-F4D2-4463-8491-3AAC38BD9736}
		{B22587D5-84AD-4A1A-9001-3ED72505F828} = {A596DF6C-C71B-40BF-9FED-AE457C04F7DB}
	EndGlobalSection
EndGlobal
